
Microsoft Visual Studio Solution File, Format Version 12.00
# Visual Studio 2013
VisualStudioVersion = 12.0.30723.0
MinimumVisualStudioVersion = 10.0.40219.1
Project("{FAE04EC0-301F-11D3-BF4B-00C04F79EFBC}") = "Taga.Core", "Taga.Core\Taga.Core.csproj", "{57206F02-5147-464F-93D1-F7705C2D9932}"
EndProject
Project("{FAE04EC0-301F-11D3-BF4B-00C04F79EFBC}") = "Taga.UserApp.Core", "Taga.UserApp.Core\Taga.UserApp.Core.csproj", "{70FA88DE-F613-41ED-B78B-85FF9B0621E3}"
EndProject
Project("{FAE04EC0-301F-11D3-BF4B-00C04F79EFBC}") = "Taga.UserApp.Service", "Taga.UserApp.Service\Taga.UserApp.Service.csproj", "{A905EE81-5E43-45FF-B672-4FA5C25144BA}"
EndProject
Project("{FAE04EC0-301F-11D3-BF4B-00C04F79EFBC}") = "Taga.UserApp.Business", "Taga.UserApp.Business\Taga.UserApp.Business.csproj", "{0B75887A-A991-4284-99E8-A7648B8D9316}"
EndProject
Project("{FAE04EC0-301F-11D3-BF4B-00C04F79EFBC}") = "Taga.UserApp.Repository", "Taga.UserApp.Repository\Taga.UserApp.Repository.csproj", "{6EC700AA-1D9B-420B-B3F9-C016EEF4570F}"
EndProject
Project("{FAE04EC0-301F-11D3-BF4B-00C04F79EFBC}") = "Taga.UserApp.Rest", "Taga.UserApp.Rest\Taga.UserApp.Rest.csproj", "{DF4C75F2-724A-4E5F-9A0C-CE2936B9A0FC}"
EndProject
Project("{2150E333-8FDC-42A3-9474-1A3956D46DE8}") = "Taga", "Taga", "{F32F8BBA-6461-46F2-9131-C75C6AA396AF}"
EndProject
Project("{FAE04EC0-301F-11D3-BF4B-00C04F79EFBC}") = "Taga.IoC.Ninject", "Taga.IoC.Ninject\Taga.IoC.Ninject.csproj", "{F8D70A49-69E7-4EBF-9B55-66F19827118C}"
EndProject
Project("{FAE04EC0-301F-11D3-BF4B-00C04F79EFBC}") = "Taga.Mapping.AutoMapper", "Taga.Mapping.AutoMapper\Taga.Mapping.AutoMapper.csproj", "{16DEF608-1021-4A43-AE4D-88446A83F84D}"
EndProject
Project("{FAE04EC0-301F-11D3-BF4B-00C04F79EFBC}") = "Taga.Json.Newtonsoft", "Taga.Json.Newtonsoft\Taga.Json.Newtonsoft.csproj", "{3DD5124F-DD57-4538-BC50-3375ECA17BEC}"
EndProject
Project("{FAE04EC0-301F-11D3-BF4B-00C04F79EFBC}") = "Taga.Repository.NH", "Taga.Repository.NH\Taga.Repository.NH.csproj", "{E9EEC4FA-4D1C-44C3-A44E-B39EE373675B}"
EndProject
Project("{FAE04EC0-301F-11D3-BF4B-00C04F79EFBC}") = "Taga.Repository.EF", "Taga.Repository.EF\Taga.Repository.EF.csproj", "{6FB54D6C-BD90-42F5-93E3-65A735ACAE56}"
EndProject
Project("{2150E333-8FDC-42A3-9474-1A3956D46DE8}") = "UserApp", "UserApp", "{758E6A5C-8F2A-4D28-A42F-66D66CCBBBB0}"
EndProject
Project("{FAE04EC0-301F-11D3-BF4B-00C04F79EFBC}") = "Taga.UserApp.ConsoleApp", "Taga.UserApp.ConsoleApp\Taga.UserApp.ConsoleApp.csproj", "{98F21F6A-BACB-4AAE-BAC9-3CE3609485F1}"
EndProject
Global
	GlobalSection(SolutionConfigurationPlatforms) = preSolution
		Debug|Any CPU = Debug|Any CPU
		Release|Any CPU = Release|Any CPU
	EndGlobalSection
	GlobalSection(ProjectConfigurationPlatforms) = postSolution
		{57206F02-5147-464F-93D1-F7705C2D9932}.Debug|Any CPU.ActiveCfg = Debug|Any CPU
		{57206F02-5147-464F-93D1-F7705C2D9932}.Debug|Any CPU.Build.0 = Debug|Any CPU
		{57206F02-5147-464F-93D1-F7705C2D9932}.Release|Any CPU.ActiveCfg = Release|Any CPU
		{57206F02-5147-464F-93D1-F7705C2D9932}.Release|Any CPU.Build.0 = Release|Any CPU
		{70FA88DE-F613-41ED-B78B-85FF9B0621E3}.Debug|Any CPU.ActiveCfg = Debug|Any CPU
		{70FA88DE-F613-41ED-B78B-85FF9B0621E3}.Debug|Any CPU.Build.0 = Debug|Any CPU
		{70FA88DE-F613-41ED-B78B-85FF9B0621E3}.Release|Any CPU.ActiveCfg = Release|Any CPU
		{70FA88DE-F613-41ED-B78B-85FF9B0621E3}.Release|Any CPU.Build.0 = Release|Any CPU
		{A905EE81-5E43-45FF-B672-4FA5C25144BA}.Debug|Any CPU.ActiveCfg = Debug|Any CPU
		{A905EE81-5E43-45FF-B672-4FA5C25144BA}.Debug|Any CPU.Build.0 = Debug|Any CPU
		{A905EE81-5E43-45FF-B672-4FA5C25144BA}.Release|Any CPU.ActiveCfg = Release|Any CPU
		{A905EE81-5E43-45FF-B672-4FA5C25144BA}.Release|Any CPU.Build.0 = Release|Any CPU
		{0B75887A-A991-4284-99E8-A7648B8D9316}.Debug|Any CPU.ActiveCfg = Debug|Any CPU
		{0B75887A-A991-4284-99E8-A7648B8D9316}.Debug|Any CPU.Build.0 = Debug|Any CPU
		{0B75887A-A991-4284-99E8-A7648B8D9316}.Release|Any CPU.ActiveCfg = Release|Any CPU
		{0B75887A-A991-4284-99E8-A7648B8D9316}.Release|Any CPU.Build.0 = Release|Any CPU
		{6EC700AA-1D9B-420B-B3F9-C016EEF4570F}.Debug|Any CPU.ActiveCfg = Debug|Any CPU
		{6EC700AA-1D9B-420B-B3F9-C016EEF4570F}.Debug|Any CPU.Build.0 = Debug|Any CPU
		{6EC700AA-1D9B-420B-B3F9-C016EEF4570F}.Release|Any CPU.ActiveCfg = Release|Any CPU
		{6EC700AA-1D9B-420B-B3F9-C016EEF4570F}.Release|Any CPU.Build.0 = Release|Any CPU
		{DF4C75F2-724A-4E5F-9A0C-CE2936B9A0FC}.Debug|Any CPU.ActiveCfg = Debug|Any CPU
		{DF4C75F2-724A-4E5F-9A0C-CE2936B9A0FC}.Debug|Any CPU.Build.0 = Debug|Any CPU
		{DF4C75F2-724A-4E5F-9A0C-CE2936B9A0FC}.Release|Any CPU.ActiveCfg = Release|Any CPU
		{DF4C75F2-724A-4E5F-9A0C-CE2936B9A0FC}.Release|Any CPU.Build.0 = Release|Any CPU
		{F8D70A49-69E7-4EBF-9B55-66F19827118C}.Debug|Any CPU.ActiveCfg = Debug|Any CPU
		{F8D70A49-69E7-4EBF-9B55-66F19827118C}.Debug|Any CPU.Build.0 = Debug|Any CPU
		{F8D70A49-69E7-4EBF-9B55-66F19827118C}.Release|Any CPU.ActiveCfg = Release|Any CPU
		{F8D70A49-69E7-4EBF-9B55-66F19827118C}.Release|Any CPU.Build.0 = Release|Any CPU
		{16DEF608-1021-4A43-AE4D-88446A83F84D}.Debug|Any CPU.ActiveCfg = Debug|Any CPU
		{16DEF608-1021-4A43-AE4D-88446A83F84D}.Debug|Any CPU.Build.0 = Debug|Any CPU
		{16DEF608-1021-4A43-AE4D-88446A83F84D}.Release|Any CPU.ActiveCfg = Release|Any CPU
		{16DEF608-1021-4A43-AE4D-88446A83F84D}.Release|Any CPU.Build.0 = Release|Any CPU
		{3DD5124F-DD57-4538-BC50-3375ECA17BEC}.Debug|Any CPU.ActiveCfg = Debug|Any CPU
		{3DD5124F-DD57-4538-BC50-3375ECA17BEC}.Debug|Any CPU.Build.0 = Debug|Any CPU
		{3DD5124F-DD57-4538-BC50-3375ECA17BEC}.Release|Any CPU.ActiveCfg = Release|Any CPU
		{3DD5124F-DD57-4538-BC50-3375ECA17BEC}.Release|Any CPU.Build.0 = Release|Any CPU
		{E9EEC4FA-4D1C-44C3-A44E-B39EE373675B}.Debug|Any CPU.ActiveCfg = Debug|Any CPU
		{E9EEC4FA-4D1C-44C3-A44E-B39EE373675B}.Debug|Any CPU.Build.0 = Debug|Any CPU
		{E9EEC4FA-4D1C-44C3-A44E-B39EE373675B}.Release|Any CPU.ActiveCfg = Release|Any CPU
		{E9EEC4FA-4D1C-44C3-A44E-B39EE373675B}.Release|Any CPU.Build.0 = Release|Any CPU
		{6FB54D6C-BD90-42F5-93E3-65A735ACAE56}.Debug|Any CPU.ActiveCfg = Debug|Any CPU
		{6FB54D6C-BD90-42F5-93E3-65A735ACAE56}.Debug|Any CPU.Build.0 = Debug|Any CPU
		{6FB54D6C-BD90-42F5-93E3-65A735ACAE56}.Release|Any CPU.ActiveCfg = Release|Any CPU
		{6FB54D6C-BD90-42F5-93E3-65A735ACAE56}.Release|Any CPU.Build.0 = Release|Any CPU
		{98F21F6A-BACB-4AAE-BAC9-3CE3609485F1}.Debug|Any CPU.ActiveCfg = Debug|Any CPU
		{98F21F6A-BACB-4AAE-BAC9-3CE3609485F1}.Debug|Any CPU.Build.0 = Debug|Any CPU
		{98F21F6A-BACB-4AAE-BAC9-3CE3609485F1}.Release|Any CPU.ActiveCfg = Release|Any CPU
		{98F21F6A-BACB-4AAE-BAC9-3CE3609485F1}.Release|Any CPU.Build.0 = Release|Any CPU
	EndGlobalSection
	GlobalSection(SolutionProperties) = preSolution
		HideSolutionNode = FALSE
	EndGlobalSection
	GlobalSection(NestedProjects) = preSolution
		{57206F02-5147-464F-93D1-F7705C2D9932} = {F32F8BBA-6461-46F2-9131-C75C6AA396AF}
		{70FA88DE-F613-41ED-B78B-85FF9B0621E3} = {758E6A5C-8F2A-4D28-A42F-66D66CCBBBB0}
		{A905EE81-5E43-45FF-B672-4FA5C25144BA} = {758E6A5C-8F2A-4D28-A42F-66D66CCBBBB0}
		{0B75887A-A991-4284-99E8-A7648B8D9316} = {758E6A5C-8F2A-4D28-A42F-66D66CCBBBB0}
		{6EC700AA-1D9B-420B-B3F9-C016EEF4570F} = {758E6A5C-8F2A-4D28-A42F-66D66CCBBBB0}
		{DF4C75F2-724A-4E5F-9A0C-CE2936B9A0FC} = {758E6A5C-8F2A-4D28-A42F-66D66CCBBBB0}
		{F8D70A49-69E7-4EBF-9B55-66F19827118C} = {F32F8BBA-6461-46F2-9131-C75C6AA396AF}
		{16DEF608-1021-4A43-AE4D-88446A83F84D} = {F32F8BBA-6461-46F2-9131-C75C6AA396AF}
		{3DD5124F-DD57-4538-BC50-3375ECA17BEC} = {F32F8BBA-6461-46F2-9131-C75C6AA396AF}
		{E9EEC4FA-4D1C-44C3-A44E-B39EE373675B} = {F32F8BBA-6461-46F2-9131-C75C6AA396AF}
		{6FB54D6C-BD90-42F5-93E3-65A735ACAE56} = {F32F8BBA-6461-46F2-9131-C75C6AA396AF}
		{98F21F6A-BACB-4AAE-BAC9-3CE3609485F1} = {758E6A5C-8F2A-4D28-A42F-66D66CCBBBB0}
	EndGlobalSection
EndGlobal
