
Microsoft Visual Studio Solution File, Format Version 12.00
# Visual Studio 2013
VisualStudioVersion = 12.0.30723.0
MinimumVisualStudioVersion = 10.0.40219.1
Project("{FAE04EC0-301F-11D3-BF4B-00C04F79EFBC}") = "TagKid.Lib", "TagKid.Lib\TagKid.Lib.csproj", "{A7A98564-FB0E-421B-A011-0D13FD8A20F9}"
EndProject
Project("{FAE04EC0-301F-11D3-BF4B-00C04F79EFBC}") = "Taga.Core", "Taga.Core\Taga.Core.csproj", "{57206F02-5147-464F-93D1-F7705C2D9932}"
EndProject
Project("{FAE04EC0-301F-11D3-BF4B-00C04F79EFBC}") = "TagKid.Web", "TagKid.Web\TagKid.Web.csproj", "{185A306D-12B2-45CA-A0ED-F4DD934F0272}"
EndProject
Project("{FAE04EC0-301F-11D3-BF4B-00C04F79EFBC}") = "TagKid.Tests", "TagKid.Tests\TagKid.Tests.csproj", "{B9A6DA30-925B-4BAE-84E3-E98D3BA59F95}"
EndProject
Project("{FAE04EC0-301F-11D3-BF4B-00C04F79EFBC}") = "TagKid.ConsoleApp", "TagKid.ConsoleApp\TagKid.ConsoleApp.csproj", "{BEFF827F-C349-4984-A458-FAF66EF66D6C}"
EndProject
Global
	GlobalSection(SolutionConfigurationPlatforms) = preSolution
		Debug|Any CPU = Debug|Any CPU
		Release|Any CPU = Release|Any CPU
	EndGlobalSection
	GlobalSection(ProjectConfigurationPlatforms) = postSolution
		{A7A98564-FB0E-421B-A011-0D13FD8A20F9}.Debug|Any CPU.ActiveCfg = Debug|Any CPU
		{A7A98564-FB0E-421B-A011-0D13FD8A20F9}.Debug|Any CPU.Build.0 = Debug|Any CPU
		{A7A98564-FB0E-421B-A011-0D13FD8A20F9}.Release|Any CPU.ActiveCfg = Release|Any CPU
		{A7A98564-FB0E-421B-A011-0D13FD8A20F9}.Release|Any CPU.Build.0 = Release|Any CPU
		{57206F02-5147-464F-93D1-F7705C2D9932}.Debug|Any CPU.ActiveCfg = Debug|Any CPU
		{57206F02-5147-464F-93D1-F7705C2D9932}.Debug|Any CPU.Build.0 = Debug|Any CPU
		{57206F02-5147-464F-93D1-F7705C2D9932}.Release|Any CPU.ActiveCfg = Release|Any CPU
		{57206F02-5147-464F-93D1-F7705C2D9932}.Release|Any CPU.Build.0 = Release|Any CPU
		{185A306D-12B2-45CA-A0ED-F4DD934F0272}.Debug|Any CPU.ActiveCfg = Debug|Any CPU
		{185A306D-12B2-45CA-A0ED-F4DD934F0272}.Debug|Any CPU.Build.0 = Debug|Any CPU
		{185A306D-12B2-45CA-A0ED-F4DD934F0272}.Release|Any CPU.ActiveCfg = Release|Any CPU
		{185A306D-12B2-45CA-A0ED-F4DD934F0272}.Release|Any CPU.Build.0 = Release|Any CPU
		{B9A6DA30-925B-4BAE-84E3-E98D3BA59F95}.Debug|Any CPU.ActiveCfg = Debug|Any CPU
		{B9A6DA30-925B-4BAE-84E3-E98D3BA59F95}.Debug|Any CPU.Build.0 = Debug|Any CPU
		{B9A6DA30-925B-4BAE-84E3-E98D3BA59F95}.Release|Any CPU.ActiveCfg = Release|Any CPU
		{B9A6DA30-925B-4BAE-84E3-E98D3BA59F95}.Release|Any CPU.Build.0 = Release|Any CPU
		{BEFF827F-C349-4984-A458-FAF66EF66D6C}.Debug|Any CPU.ActiveCfg = Debug|Any CPU
		{BEFF827F-C349-4984-A458-FAF66EF66D6C}.Debug|Any CPU.Build.0 = Debug|Any CPU
		{BEFF827F-C349-4984-A458-FAF66EF66D6C}.Release|Any CPU.ActiveCfg = Release|Any CPU
		{BEFF827F-C349-4984-A458-FAF66EF66D6C}.Release|Any CPU.Build.0 = Release|Any CPU
	EndGlobalSection
	GlobalSection(SolutionProperties) = preSolution
		HideSolutionNode = FALSE
	EndGlobalSection
EndGlobal
